// !$*UTF8*$!
{
	archiveVersion = 1;
	classes = {
	};
	objectVersion = 48;
	objects = {

/* Begin PBXAggregateTarget section */
		24416B8111C4CA220047AFDD /* Build & Test */ = {
			isa = PBXAggregateTarget;
			buildConfigurationList = 24416B8A11C4CA520047AFDD /* Build configuration list for PBXAggregateTarget "Build & Test" */;
			buildPhases = (
				24416B8011C4CA220047AFDD /* ShellScript */,
			);
			dependencies = (
				24416B8511C4CA280047AFDD /* PBXTargetDependency */,
			);
			name = "Build & Test";
			productName = "Build & test";
		};
/* End PBXAggregateTarget section */

/* Begin PBXBuildFile section */
		24DD6CF91134B3F500162E58 /* ComCdnsolBonjourModule.h in Headers */ = {isa = PBXBuildFile; fileRef = 24DD6CF71134B3F500162E58 /* ComCdnsolBonjourModule.h */; };
		24DD6CFA1134B3F500162E58 /* ComCdnsolBonjourModule.m in Sources */ = {isa = PBXBuildFile; fileRef = 24DD6CF81134B3F500162E58 /* ComCdnsolBonjourModule.m */; };
		24DE9E1111C5FE74003F90F6 /* ComCdnsolBonjourModuleAssets.h in Headers */ = {isa = PBXBuildFile; fileRef = 24DE9E0F11C5FE74003F90F6 /* ComCdnsolBonjourModuleAssets.h */; };
		24DE9E1211C5FE74003F90F6 /* ComCdnsolBonjourModuleAssets.m in Sources */ = {isa = PBXBuildFile; fileRef = 24DE9E1011C5FE74003F90F6 /* ComCdnsolBonjourModuleAssets.m */; };
		AA747D9F0F9514B9006C5449 /* ComCdnsolBonjour_Prefix.pch in Headers */ = {isa = PBXBuildFile; fileRef = AA747D9E0F9514B9006C5449 /* ComCdnsolBonjour_Prefix.pch */; };
		D20959CA21230EA200122684 /* Foundation.framework in Frameworks */ = {isa = PBXBuildFile; fileRef = AACBBE490F95108600F1A2B1 /* Foundation.framework */; };
		D2CDB58121117EE200851473 /* BSBonjourServer.h in Headers */ = {isa = PBXBuildFile; fileRef = D2CDB57621117EE200851473 /* BSBonjourServer.h */; };
		D2CDB58221117EE200851473 /* BSBonjourServer.m in Sources */ = {isa = PBXBuildFile; fileRef = D2CDB57721117EE200851473 /* BSBonjourServer.m */; };
		D2CDB58321117EE200851473 /* BSBonjourConnection.m in Sources */ = {isa = PBXBuildFile; fileRef = D2CDB57821117EE200851473 /* BSBonjourConnection.m */; };
		D2CDB58421117EE200851473 /* BSBonjourConnection.h in Headers */ = {isa = PBXBuildFile; fileRef = D2CDB57921117EE200851473 /* BSBonjourConnection.h */; };
		D2CDB58521117EE200851473 /* ComCdnsolBonjourBrowserProxy.h in Headers */ = {isa = PBXBuildFile; fileRef = D2CDB57A21117EE200851473 /* ComCdnsolBonjourBrowserProxy.h */; };
		D2CDB58621117EE200851473 /* BSBonjourClient.m in Sources */ = {isa = PBXBuildFile; fileRef = D2CDB57B21117EE200851473 /* BSBonjourClient.m */; };
		D2CDB58721117EE200851473 /* BSBonjourClient.h in Headers */ = {isa = PBXBuildFile; fileRef = D2CDB57C21117EE200851473 /* BSBonjourClient.h */; };
		D2CDB58821117EE200851473 /* ComCdnsolBonjourServiceProxy.h in Headers */ = {isa = PBXBuildFile; fileRef = D2CDB57D21117EE200851473 /* ComCdnsolBonjourServiceProxy.h */; };
		D2CDB58921117EE200851473 /* ComCdnsolBonjourBrowserProxy.m in Sources */ = {isa = PBXBuildFile; fileRef = D2CDB57E21117EE200851473 /* ComCdnsolBonjourBrowserProxy.m */; };
		D2CDB58A21117EE200851473 /* ComCdnsolBonjourServiceProxy.m in Sources */ = {isa = PBXBuildFile; fileRef = D2CDB57F21117EE200851473 /* ComCdnsolBonjourServiceProxy.m */; };
		D2CDB58B21117EE200851473 /* BonjourSDK.h in Headers */ = {isa = PBXBuildFile; fileRef = D2CDB58021117EE200851473 /* BonjourSDK.h */; };
/* End PBXBuildFile section */

/* Begin PBXContainerItemProxy section */
		24416B8411C4CA280047AFDD /* PBXContainerItemProxy */ = {
			isa = PBXContainerItemProxy;
			containerPortal = 0867D690FE84028FC02AAC07 /* Project object */;
			proxyType = 1;
			remoteGlobalIDString = D2AAC07D0554694100DB518D;
			remoteInfo = Bonjour;
		};
/* End PBXContainerItemProxy section */

/* Begin PBXFileReference section */
		24DD6CF71134B3F500162E58 /* ComCdnsolBonjourModule.h */ = {isa = PBXFileReference; fileEncoding = 4; lastKnownFileType = sourcecode.c.h; name = ComCdnsolBonjourModule.h; path = Classes/ComCdnsolBonjourModule.h; sourceTree = "<group>"; };
		24DD6CF81134B3F500162E58 /* ComCdnsolBonjourModule.m */ = {isa = PBXFileReference; fileEncoding = 4; lastKnownFileType = sourcecode.c.objc; name = ComCdnsolBonjourModule.m; path = Classes/ComCdnsolBonjourModule.m; sourceTree = "<group>"; };
		24DD6D1B1134B66800162E58 /* titanium.xcconfig */ = {isa = PBXFileReference; fileEncoding = 4; lastKnownFileType = text.xcconfig; path = titanium.xcconfig; sourceTree = "<group>"; };
		24DE9E0F11C5FE74003F90F6 /* ComCdnsolBonjourModuleAssets.h */ = {isa = PBXFileReference; fileEncoding = 4; lastKnownFileType = sourcecode.c.h; name = ComCdnsolBonjourModuleAssets.h; path = Classes/ComCdnsolBonjourModuleAssets.h; sourceTree = "<group>"; };
		24DE9E1011C5FE74003F90F6 /* ComCdnsolBonjourModuleAssets.m */ = {isa = PBXFileReference; fileEncoding = 4; lastKnownFileType = sourcecode.c.objc; name = ComCdnsolBonjourModuleAssets.m; path = Classes/ComCdnsolBonjourModuleAssets.m; sourceTree = "<group>"; };
		AA747D9E0F9514B9006C5449 /* ComCdnsolBonjour_Prefix.pch */ = {isa = PBXFileReference; fileEncoding = 4; lastKnownFileType = sourcecode.c.h; path = ComCdnsolBonjour_Prefix.pch; sourceTree = SOURCE_ROOT; };
		AACBBE490F95108600F1A2B1 /* Foundation.framework */ = {isa = PBXFileReference; lastKnownFileType = wrapper.framework; name = Foundation.framework; path = System/Library/Frameworks/Foundation.framework; sourceTree = SDKROOT; };
		D2AAC07E0554694100DB518D /* libcom.cdnsol.bonjour.a */ = {isa = PBXFileReference; explicitFileType = archive.ar; includeInIndex = 0; path = libcom.cdnsol.bonjour.a; sourceTree = BUILT_PRODUCTS_DIR; };
		D2CDB57621117EE200851473 /* BSBonjourServer.h */ = {isa = PBXFileReference; fileEncoding = 4; lastKnownFileType = sourcecode.c.h; name = BSBonjourServer.h; path = Classes/BSBonjourServer.h; sourceTree = "<group>"; };
		D2CDB57721117EE200851473 /* BSBonjourServer.m */ = {isa = PBXFileReference; fileEncoding = 4; lastKnownFileType = sourcecode.c.objc; name = BSBonjourServer.m; path = Classes/BSBonjourServer.m; sourceTree = "<group>"; };
		D2CDB57821117EE200851473 /* BSBonjourConnection.m */ = {isa = PBXFileReference; fileEncoding = 4; lastKnownFileType = sourcecode.c.objc; name = BSBonjourConnection.m; path = Classes/BSBonjourConnection.m; sourceTree = "<group>"; };
		D2CDB57921117EE200851473 /* BSBonjourConnection.h */ = {isa = PBXFileReference; fileEncoding = 4; lastKnownFileType = sourcecode.c.h; name = BSBonjourConnection.h; path = Classes/BSBonjourConnection.h; sourceTree = "<group>"; };
		D2CDB57A21117EE200851473 /* ComCdnsolBonjourBrowserProxy.h */ = {isa = PBXFileReference; fileEncoding = 4; lastKnownFileType = sourcecode.c.h; name = ComCdnsolBonjourBrowserProxy.h; path = Classes/ComCdnsolBonjourBrowserProxy.h; sourceTree = "<group>"; };
		D2CDB57B21117EE200851473 /* BSBonjourClient.m */ = {isa = PBXFileReference; fileEncoding = 4; lastKnownFileType = sourcecode.c.objc; name = BSBonjourClient.m; path = Classes/BSBonjourClient.m; sourceTree = "<group>"; };
		D2CDB57C21117EE200851473 /* BSBonjourClient.h */ = {isa = PBXFileReference; fileEncoding = 4; lastKnownFileType = sourcecode.c.h; name = BSBonjourClient.h; path = Classes/BSBonjourClient.h; sourceTree = "<group>"; };
		D2CDB57D21117EE200851473 /* ComCdnsolBonjourServiceProxy.h */ = {isa = PBXFileReference; fileEncoding = 4; lastKnownFileType = sourcecode.c.h; name = ComCdnsolBonjourServiceProxy.h; path = Classes/ComCdnsolBonjourServiceProxy.h; sourceTree = "<group>"; };
		D2CDB57E21117EE200851473 /* ComCdnsolBonjourBrowserProxy.m */ = {isa = PBXFileReference; fileEncoding = 4; lastKnownFileType = sourcecode.c.objc; name = ComCdnsolBonjourBrowserProxy.m; path = Classes/ComCdnsolBonjourBrowserProxy.m; sourceTree = "<group>"; };
		D2CDB57F21117EE200851473 /* ComCdnsolBonjourServiceProxy.m */ = {isa = PBXFileReference; fileEncoding = 4; lastKnownFileType = sourcecode.c.objc; name = ComCdnsolBonjourServiceProxy.m; path = Classes/ComCdnsolBonjourServiceProxy.m; sourceTree = "<group>"; };
		D2CDB58021117EE200851473 /* BonjourSDK.h */ = {isa = PBXFileReference; fileEncoding = 4; lastKnownFileType = sourcecode.c.h; name = BonjourSDK.h; path = Classes/BonjourSDK.h; sourceTree = "<group>"; };
/* End PBXFileReference section */

/* Begin PBXFrameworksBuildPhase section */
		D2AAC07C0554694100DB518D /* Frameworks */ = {
			isa = PBXFrameworksBuildPhase;
			buildActionMask = 2147483647;
			files = (
				D20959CA21230EA200122684 /* Foundation.framework in Frameworks */,
			);
			runOnlyForDeploymentPostprocessing = 0;
		};
/* End PBXFrameworksBuildPhase section */

/* Begin PBXGroup section */
		034768DFFF38A50411DB9C8B /* Products */ = {
			isa = PBXGroup;
			children = (
				D2AAC07E0554694100DB518D /* libcom.cdnsol.bonjour.a */,
			);
			name = Products;
			sourceTree = "<group>";
		};
		0867D691FE84028FC02AAC07 /* Bonjour */ = {
			isa = PBXGroup;
			children = (
				08FB77AEFE84172EC02AAC07 /* Classes */,
				32C88DFF0371C24200C91783 /* Other Sources */,
				0867D69AFE84028FC02AAC07 /* Frameworks */,
				034768DFFF38A50411DB9C8B /* Products */,
			);
			name = Bonjour;
			sourceTree = "<group>";
		};
		0867D69AFE84028FC02AAC07 /* Frameworks */ = {
			isa = PBXGroup;
			children = (
				AACBBE490F95108600F1A2B1 /* Foundation.framework */,
			);
			name = Frameworks;
			sourceTree = "<group>";
		};
		08FB77AEFE84172EC02AAC07 /* Classes */ = {
			isa = PBXGroup;
			children = (
				D2CDB58021117EE200851473 /* BonjourSDK.h */,
				D2CDB57C21117EE200851473 /* BSBonjourClient.h */,
				D2CDB57B21117EE200851473 /* BSBonjourClient.m */,
				D2CDB57921117EE200851473 /* BSBonjourConnection.h */,
				D2CDB57821117EE200851473 /* BSBonjourConnection.m */,
				D2CDB57621117EE200851473 /* BSBonjourServer.h */,
				D2CDB57721117EE200851473 /* BSBonjourServer.m */,
				D2CDB57A21117EE200851473 /* ComCdnsolBonjourBrowserProxy.h */,
				D2CDB57E21117EE200851473 /* ComCdnsolBonjourBrowserProxy.m */,
				D2CDB57D21117EE200851473 /* ComCdnsolBonjourServiceProxy.h */,
				D2CDB57F21117EE200851473 /* ComCdnsolBonjourServiceProxy.m */,
				24DE9E0F11C5FE74003F90F6 /* ComCdnsolBonjourModuleAssets.h */,
				24DE9E1011C5FE74003F90F6 /* ComCdnsolBonjourModuleAssets.m */,
				24DD6CF71134B3F500162E58 /* ComCdnsolBonjourModule.h */,
				24DD6CF81134B3F500162E58 /* ComCdnsolBonjourModule.m */,
			);
			name = Classes;
			sourceTree = "<group>";
		};
		32C88DFF0371C24200C91783 /* Other Sources */ = {
			isa = PBXGroup;
			children = (
				AA747D9E0F9514B9006C5449 /* ComCdnsolBonjour_Prefix.pch */,
				24DD6D1B1134B66800162E58 /* titanium.xcconfig */,
			);
			name = "Other Sources";
			sourceTree = "<group>";
		};
/* End PBXGroup section */

/* Begin PBXHeadersBuildPhase section */
		D2AAC07A0554694100DB518D /* Headers */ = {
			isa = PBXHeadersBuildPhase;
			buildActionMask = 2147483647;
			files = (
				D2CDB58821117EE200851473 /* ComCdnsolBonjourServiceProxy.h in Headers */,
				AA747D9F0F9514B9006C5449 /* ComCdnsolBonjour_Prefix.pch in Headers */,
				D2CDB58421117EE200851473 /* BSBonjourConnection.h in Headers */,
				D2CDB58721117EE200851473 /* BSBonjourClient.h in Headers */,
				24DD6CF91134B3F500162E58 /* ComCdnsolBonjourModule.h in Headers */,
				D2CDB58B21117EE200851473 /* BonjourSDK.h in Headers */,
				D2CDB58121117EE200851473 /* BSBonjourServer.h in Headers */,
				24DE9E1111C5FE74003F90F6 /* ComCdnsolBonjourModuleAssets.h in Headers */,
				D2CDB58521117EE200851473 /* ComCdnsolBonjourBrowserProxy.h in Headers */,
			);
			runOnlyForDeploymentPostprocessing = 0;
		};
/* End PBXHeadersBuildPhase section */

/* Begin PBXNativeTarget section */
		D2AAC07D0554694100DB518D /* Bonjour */ = {
			isa = PBXNativeTarget;
			buildConfigurationList = 1DEB921E08733DC00010E9CD /* Build configuration list for PBXNativeTarget "Bonjour" */;
			buildPhases = (
				D2AAC07A0554694100DB518D /* Headers */,
				D2AAC07B0554694100DB518D /* Sources */,
				D2AAC07C0554694100DB518D /* Frameworks */,
			);
			buildRules = (
			);
			dependencies = (
			);
			name = Bonjour;
			productName = Bonjour;
			productReference = D2AAC07E0554694100DB518D /* libcom.cdnsol.bonjour.a */;
			productType = "com.apple.product-type.library.static";
		};
/* End PBXNativeTarget section */

/* Begin PBXProject section */
		0867D690FE84028FC02AAC07 /* Project object */ = {
			isa = PBXProject;
			attributes = {
				LastUpgradeCheck = 0800;
			};
			buildConfigurationList = 1DEB922208733DC00010E9CD /* Build configuration list for PBXProject "Bonjour" */;
			compatibilityVersion = "Xcode 8.0";
			developmentRegion = English;
			hasScannedForEncodings = 1;
			knownRegions = (
				English,
				Japanese,
				French,
				German,
			);
			mainGroup = 0867D691FE84028FC02AAC07 /* Bonjour */;
			productRefGroup = 034768DFFF38A50411DB9C8B /* Products */;
			projectDirPath = "";
			projectRoot = "";
			targets = (
				D2AAC07D0554694100DB518D /* Bonjour */,
				24416B8111C4CA220047AFDD /* Build & Test */,
			);
		};
/* End PBXProject section */

/* Begin PBXShellScriptBuildPhase section */
		24416B8011C4CA220047AFDD /* ShellScript */ = {
			isa = PBXShellScriptBuildPhase;
			buildActionMask = 2147483647;
			files = (
			);
			inputPaths = (
			);
			outputPaths = (
			);
			runOnlyForDeploymentPostprocessing = 0;
			shellPath = /bin/sh;
			shellScript = "# shell script goes here\n\nappc run --project-dir \"${PROJECT_DIR}\"\nexit $?\n";
		};
/* End PBXShellScriptBuildPhase section */

/* Begin PBXSourcesBuildPhase section */
		D2AAC07B0554694100DB518D /* Sources */ = {
			isa = PBXSourcesBuildPhase;
			buildActionMask = 2147483647;
			files = (
				D2CDB58921117EE200851473 /* ComCdnsolBonjourBrowserProxy.m in Sources */,
				D2CDB58321117EE200851473 /* BSBonjourConnection.m in Sources */,
				D2CDB58621117EE200851473 /* BSBonjourClient.m in Sources */,
				D2CDB58A21117EE200851473 /* ComCdnsolBonjourServiceProxy.m in Sources */,
				D2CDB58221117EE200851473 /* BSBonjourServer.m in Sources */,
				24DD6CFA1134B3F500162E58 /* ComCdnsolBonjourModule.m in Sources */,
				24DE9E1211C5FE74003F90F6 /* ComCdnsolBonjourModuleAssets.m in Sources */,
			);
			runOnlyForDeploymentPostprocessing = 0;
		};
/* End PBXSourcesBuildPhase section */

/* Begin PBXTargetDependency section */
		24416B8511C4CA280047AFDD /* PBXTargetDependency */ = {
			isa = PBXTargetDependency;
			target = D2AAC07D0554694100DB518D /* Bonjour */;
			targetProxy = 24416B8411C4CA280047AFDD /* PBXContainerItemProxy */;
		};
/* End PBXTargetDependency section */

/* Begin XCBuildConfiguration section */
		1DEB921F08733DC00010E9CD /* Debug */ = {
			isa = XCBuildConfiguration;
			baseConfigurationReference = 24DD6D1B1134B66800162E58 /* titanium.xcconfig */;
			buildSettings = {
				CLANG_ENABLE_OBJC_ARC = YES;
				CODE_SIGN_IDENTITY = "iPhone Developer";
				"CODE_SIGN_IDENTITY[sdk=iphoneos*]" = "iPhone Developer";
				DSTROOT = /tmp/ComCdnsolBonjour.dst;
				GCC_C_LANGUAGE_STANDARD = c99;
				GCC_OPTIMIZATION_LEVEL = 0;
				GCC_PRECOMPILE_PREFIX_HEADER = YES;
				GCC_PREFIX_HEADER = ComCdnsolBonjour_Prefix.pch;
				GCC_PREPROCESSOR_DEFINITIONS = "TI_VERSION=$(TI_VERSION)";
				GCC_TREAT_WARNINGS_AS_ERRORS = NO;
				GCC_VERSION = "";
				GCC_WARN_ABOUT_RETURN_TYPE = NO;
				GCC_WARN_MISSING_PARENTHESES = NO;
				GCC_WARN_SHADOW = NO;
				GCC_WARN_STRICT_SELECTOR_MATCH = NO;
				GCC_WARN_UNUSED_FUNCTION = YES;
				GCC_WARN_UNUSED_PARAMETER = NO;
				GCC_WARN_UNUSED_VALUE = NO;
				GCC_WARN_UNUSED_VARIABLE = NO;
				INSTALL_PATH = /usr/local/lib;
				IPHONEOS_DEPLOYMENT_TARGET = 8.0;
				LIBRARY_SEARCH_PATHS = "";
				OTHER_CFLAGS = (
					"-DDEBUG",
					"-DTI_POST_1_2",
				);
				OTHER_LDFLAGS = "-ObjC";
				PRODUCT_NAME = com.cdnsol.bonjour;
				PROVISIONING_PROFILE = "";
				"PROVISIONING_PROFILE[sdk=iphoneos*]" = "";
				RUN_CLANG_STATIC_ANALYZER = NO;
				SDKROOT = iphoneos;
				USER_HEADER_SEARCH_PATHS = "";
				WARNING_CFLAGS = "-Wno-arc-performSelector-leaks";
			};
			name = Debug;
		};
		1DEB922008733DC00010E9CD /* Release */ = {
			isa = XCBuildConfiguration;
			baseConfigurationReference = 24DD6D1B1134B66800162E58 /* titanium.xcconfig */;
			buildSettings = {
				ALWAYS_SEARCH_USER_PATHS = NO;
				CLANG_ENABLE_OBJC_ARC = YES;
				DEPLOYMENT_POSTPROCESSING = YES;
				DSTROOT = /tmp/ComCdnsolBonjour.dst;
				GCC_C_LANGUAGE_STANDARD = c99;
				GCC_MODEL_TUNING = G5;
				GCC_PRECOMPILE_PREFIX_HEADER = YES;
				GCC_PREFIX_HEADER = ComCdnsolBonjour_Prefix.pch;
				GCC_PREPROCESSOR_DEFINITIONS = (
					"TI_VERSION=$(TI_VERSION)",
					NDEBUG,
				);
				GCC_TREAT_WARNINGS_AS_ERRORS = NO;
				GCC_VERSION = "";
				GCC_WARN_ABOUT_RETURN_TYPE = NO;
				GCC_WARN_MISSING_PARENTHESES = NO;
				GCC_WARN_SHADOW = NO;
				GCC_WARN_STRICT_SELECTOR_MATCH = NO;
				GCC_WARN_UNUSED_FUNCTION = YES;
				GCC_WARN_UNUSED_PARAMETER = NO;
				GCC_WARN_UNUSED_VALUE = NO;
				GCC_WARN_UNUSED_VARIABLE = NO;
				INSTALL_PATH = /usr/local/lib;
				IPHONEOS_DEPLOYMENT_TARGET = 8.0;
				LIBRARY_SEARCH_PATHS = "";
				OTHER_CFLAGS = "-DTI_POST_1_2";
				OTHER_LDFLAGS = "-ObjC";
				PRODUCT_NAME = com.cdnsol.bonjour;
				RUN_CLANG_STATIC_ANALYZER = NO;
				SDKROOT = iphoneos;
				USER_HEADER_SEARCH_PATHS = "";
				WARNING_CFLAGS = "-Wno-arc-performSelector-leaks";
			};
			name = Release;
		};
		1DEB922308733DC00010E9CD /* Debug */ = {
			isa = XCBuildConfiguration;
			baseConfigurationReference = 24DD6D1B1134B66800162E58 /* titanium.xcconfig */;
			buildSettings = {
				CLANG_CXX_LIBRARY = "libstdc++";
				CODE_SIGN_IDENTITY = "iPhone Developer";
				"CODE_SIGN_IDENTITY[sdk=iphoneos*]" = "iPhone Developer";
				DSTROOT = /tmp/ComCdnsolBonjour.dst;
				GCC_C_LANGUAGE_STANDARD = c99;
				GCC_OPTIMIZATION_LEVEL = 0;
				GCC_PRECOMPILE_PREFIX_HEADER = YES;
				GCC_PREFIX_HEADER = ComCdnsolBonjour_Prefix.pch;
				GCC_PREPROCESSOR_DEFINITIONS = "TI_VERSION=$(TI_VERSION)";
				GCC_TREAT_WARNINGS_AS_ERRORS = NO;
				GCC_VERSION = "";
				GCC_WARN_ABOUT_RETURN_TYPE = NO;
				GCC_WARN_MISSING_PARENTHESES = NO;
				GCC_WARN_SHADOW = NO;
				GCC_WARN_STRICT_SELECTOR_MATCH = NO;
				GCC_WARN_UNUSED_FUNCTION = YES;
				GCC_WARN_UNUSED_PARAMETER = NO;
				GCC_WARN_UNUSED_VALUE = NO;
				GCC_WARN_UNUSED_VARIABLE = NO;
				INSTALL_PATH = /usr/local/lib;
				ONLY_ACTIVE_ARCH = YES;
				OTHER_CFLAGS = (
					"-DDEBUG",
					"-DTI_POST_1_2",
				);
				OTHER_LDFLAGS = "-ObjC";
				PRODUCT_NAME = com.cdnsol.bonjour;
				PROVISIONING_PROFILE = "";
				"PROVISIONING_PROFILE[sdk=iphoneos*]" = "";
				RUN_CLANG_STATIC_ANALYZER = NO;
				SDKROOT = iphoneos;
				USER_HEADER_SEARCH_PATHS = "";
			};
			name = Debug;
		};
		1DEB922408733DC00010E9CD /* Release */ = {
			isa = XCBuildConfiguration;
			baseConfigurationReference = 24DD6D1B1134B66800162E58 /* titanium.xcconfig */;
			buildSettings = {
				ALWAYS_SEARCH_USER_PATHS = NO;
				CLANG_CXX_LIBRARY = "libstdc++";
				DSTROOT = /tmp/ComCdnsolBonjour.dst;
				GCC_C_LANGUAGE_STANDARD = c99;
				GCC_MODEL_TUNING = G5;
				GCC_PRECOMPILE_PREFIX_HEADER = YES;
				GCC_PREFIX_HEADER = ComCdnsolBonjour_Prefix.pch;
				GCC_PREPROCESSOR_DEFINITIONS = "TI_VERSION=$(TI_VERSION)";
				GCC_TREAT_WARNINGS_AS_ERRORS = NO;
				GCC_VERSION = "";
				GCC_WARN_ABOUT_RETURN_TYPE = NO;
				GCC_WARN_MISSING_PARENTHESES = NO;
				GCC_WARN_SHADOW = NO;
				GCC_WARN_STRICT_SELECTOR_MATCH = NO;
				GCC_WARN_UNUSED_FUNCTION = YES;
				GCC_WARN_UNUSED_PARAMETER = NO;
				GCC_WARN_UNUSED_VALUE = NO;
				GCC_WARN_UNUSED_VARIABLE = NO;
				INSTALL_PATH = /usr/local/lib;
				IPHONEOS_DEPLOYMENT_TARGET = 8.0;
				OTHER_CFLAGS = "-DTI_POST_1_2";
				OTHER_LDFLAGS = "-ObjC";
				PRODUCT_NAME = com.cdnsol.bonjour;
				RUN_CLANG_STATIC_ANALYZER = NO;
				SDKROOT = iphoneos;
				USER_HEADER_SEARCH_PATHS = "";
			};
			name = Release;
		};
		24416B8211C4CA220047AFDD /* Debug */ = {
			isa = XCBuildConfiguration;
			baseConfigurationReference = 24DD6D1B1134B66800162E58 /* titanium.xcconfig */;
			buildSettings = {
				COPY_PHASE_STRIP = NO;
				GCC_DYNAMIC_NO_PIC = NO;
				GCC_OPTIMIZATION_LEVEL = 0;
				PRODUCT_NAME = "Build & test";
			};
			name = Debug;
		};
		24416B8311C4CA220047AFDD /* Release */ = {
			isa = XCBuildConfiguration;
			baseConfigurationReference = 24DD6D1B1134B66800162E58 /* titanium.xcconfig */;
			buildSettings = {
				COPY_PHASE_STRIP = YES;
				DEBUG_INFORMATION_FORMAT = "dwarf-with-dsym";
				GCC_ENABLE_FIX_AND_CONTINUE = NO;
				PRODUCT_NAME = "Build & test";
				ZERO_LINK = NO;
			};
			name = Release;
		};
/* End XCBuildConfiguration section */

/* Begin XCConfigurationList section */
		1DEB921E08733DC00010E9CD /* Build configuration list for PBXNativeTarget "Bonjour" */ = {
			isa = XCConfigurationList;
			buildConfigurations = (
				1DEB921F08733DC00010E9CD /* Debug */,
				1DEB922008733DC00010E9CD /* Release */,
			);
			defaultConfigurationIsVisible = 0;
			defaultConfigurationName = Release;
		};
		1DEB922208733DC00010E9CD /* Build configuration list for PBXProject "Bonjour" */ = {
			isa = XCConfigurationList;
			buildConfigurations = (
				1DEB922308733DC00010E9CD /* Debug */,
				1DEB922408733DC00010E9CD /* Release */,
			);
			defaultConfigurationIsVisible = 0;
			defaultConfigurationName = Release;
		};
		24416B8A11C4CA520047AFDD /* Build configuration list for PBXAggregateTarget "Build & Test" */ = {
			isa = XCConfigurationList;
			buildConfigurations = (
				24416B8211C4CA220047AFDD /* Debug */,
				24416B8311C4CA220047AFDD /* Release */,
			);
			defaultConfigurationIsVisible = 0;
			defaultConfigurationName = Release;
		};
/* End XCConfigurationList section */
	};
	rootObject = 0867D690FE84028FC02AAC07 /* Project object */;
}
